
Microsoft Visual Studio Solution File, Format Version 12.00
# Visual Studio 15
VisualStudioVersion = 15.0.27703.2035
MinimumVisualStudioVersion = 10.0.40219.1
Project("{9A19103F-16F7-4668-BE54-9A1E7A4F7556}") = "Move-Project", "Move-Project\Move-Project.csproj", "{798244EA-3535-4CAB-833E-A056EF99EBC2}"
EndProject
Global
	GlobalSection(SolutionConfigurationPlatforms) = preSolution
		Debug|Any CPU = Debug|Any CPU
		Release|Any CPU = Release|Any CPU
	EndGlobalSection
	GlobalSection(ProjectConfigurationPlatforms) = postSolution
		{798244EA-3535-4CAB-833E-A056EF99EBC2}.Debug|Any CPU.ActiveCfg = Debug|Any CPU
		{798244EA-3535-4CAB-833E-A056EF99EBC2}.Debug|Any CPU.Build.0 = Debug|Any CPU
		{798244EA-3535-4CAB-833E-A056EF99EBC2}.Release|Any CPU.ActiveCfg = Release|Any CPU
		{798244EA-3535-4CAB-833E-A056EF99EBC2}.Release|Any CPU.Build.0 = Release|Any CPU
	EndGlobalSection
	GlobalSection(SolutionProperties) = preSolution
		HideSolutionNode = FALSE
	EndGlobalSection
	GlobalSection(ExtensibilityGlobals) = postSolution
		SolutionGuid = {3D4565E1-AD6F-42C1-A36B-CBB2B0235288}
	EndGlobalSection
EndGlobal
